
Microsoft Visual Studio Solution File, Format Version 12.00
# Visual Studio Version 16
VisualStudioVersion = 16.0.29709.97
MinimumVisualStudioVersion = 10.0.40219.1
Project("{FAE04EC0-301F-11D3-BF4B-00C04F79EFBC}") = "Vidly-Project-iRely", "Vidly-Project-iRely\Vidly-Project-iRely.csproj", "{490E5DE1-AD68-422D-BE66-DCAC7C647C27}"
EndProject
Global
	GlobalSection(SolutionConfigurationPlatforms) = preSolution
		Debug|Any CPU = Debug|Any CPU
		Release|Any CPU = Release|Any CPU
	EndGlobalSection
	GlobalSection(ProjectConfigurationPlatforms) = postSolution
		{490E5DE1-AD68-422D-BE66-DCAC7C647C27}.Debug|Any CPU.ActiveCfg = Debug|Any CPU
		{490E5DE1-AD68-422D-BE66-DCAC7C647C27}.Debug|Any CPU.Build.0 = Debug|Any CPU
		{490E5DE1-AD68-422D-BE66-DCAC7C647C27}.Release|Any CPU.ActiveCfg = Release|Any CPU
		{490E5DE1-AD68-422D-BE66-DCAC7C647C27}.Release|Any CPU.Build.0 = Release|Any CPU
	EndGlobalSection
	GlobalSection(SolutionProperties) = preSolution
		HideSolutionNode = FALSE
	EndGlobalSection
	GlobalSection(ExtensibilityGlobals) = postSolution
		SolutionGuid = {6F97E0D9-8B2C-4CD1-A58D-D4D7FDD1D1AB}
	EndGlobalSection
EndGlobal
